// !$*UTF8*$!
{
	archiveVersion = 1;
	classes = {
	};
	objectVersion = 56;
	objects = {

/* Begin PBXBuildFile section */
		BB782A692997D29C00BC676B /* AppDelegate.swift in Sources */ = {isa = PBXBuildFile; fileRef = BB782A682997D29C00BC676B /* AppDelegate.swift */; };
		BB782A6B2997D29C00BC676B /* SceneDelegate.swift in Sources */ = {isa = PBXBuildFile; fileRef = BB782A6A2997D29C00BC676B /* SceneDelegate.swift */; };
		BB782A6D2997D29C00BC676B /* MainViewController.swift in Sources */ = {isa = PBXBuildFile; fileRef = BB782A6C2997D29C00BC676B /* MainViewController.swift */; };
		BB782A702997D29C00BC676B /* Main.storyboard in Resources */ = {isa = PBXBuildFile; fileRef = BB782A6E2997D29C00BC676B /* Main.storyboard */; };
		BB782A722997D29D00BC676B /* Assets.xcassets in Resources */ = {isa = PBXBuildFile; fileRef = BB782A712997D29D00BC676B /* Assets.xcassets */; };
		BB782A752997D29D00BC676B /* LaunchScreen.storyboard in Resources */ = {isa = PBXBuildFile; fileRef = BB782A732997D29D00BC676B /* LaunchScreen.storyboard */; };
		BB782A802997D29D00BC676B /* CleanCodeiOSGBTests.swift in Sources */ = {isa = PBXBuildFile; fileRef = BB782A7F2997D29D00BC676B /* CleanCodeiOSGBTests.swift */; };
		BB782A8A2997D29D00BC676B /* CleanCodeiOSGBUITests.swift in Sources */ = {isa = PBXBuildFile; fileRef = BB782A892997D29D00BC676B /* CleanCodeiOSGBUITests.swift */; };
		BB782A8C2997D29D00BC676B /* CleanCodeiOSGBUITestsLaunchTests.swift in Sources */ = {isa = PBXBuildFile; fileRef = BB782A8B2997D29D00BC676B /* CleanCodeiOSGBUITestsLaunchTests.swift */; };
		BB782AA52997F91E00BC676B /* LoginViewController.swift in Sources */ = {isa = PBXBuildFile; fileRef = BB782AA42997F91E00BC676B /* LoginViewController.swift */; };
		BB782AA82997FAD500BC676B /* RegistrationViewController.swift in Sources */ = {isa = PBXBuildFile; fileRef = BB782AA72997FAD500BC676B /* RegistrationViewController.swift */; };
		BB782AAB2997FB1700BC676B /* ProfileViewController.swift in Sources */ = {isa = PBXBuildFile; fileRef = BB782AAA2997FB1700BC676B /* ProfileViewController.swift */; };
		BB782AAE2998F84E00BC676B /* Registartion.swift in Sources */ = {isa = PBXBuildFile; fileRef = BB782AAD2998F84E00BC676B /* Registartion.swift */; };
		BB782AB12998F8DE00BC676B /* UserModel.swift in Sources */ = {isa = PBXBuildFile; fileRef = BB782AB02998F8DE00BC676B /* UserModel.swift */; };
		BB782AB42998FABD00BC676B /* LogOut.swift in Sources */ = {isa = PBXBuildFile; fileRef = BB782AB32998FABD00BC676B /* LogOut.swift */; };
		BB782AB72998FAF900BC676B /* Login.swift in Sources */ = {isa = PBXBuildFile; fileRef = BB782AB62998FAF900BC676B /* Login.swift */; };
		BB782ABA2998FB2000BC676B /* Profile.swift in Sources */ = {isa = PBXBuildFile; fileRef = BB782AB92998FB2000BC676B /* Profile.swift */; };
		BB782B4829A0F1AD00BC676B /* LoginTests.swift in Sources */ = {isa = PBXBuildFile; fileRef = BB782B4729A0F1AD00BC676B /* LoginTests.swift */; };
		BB782B4B29A0F1F900BC676B /* LoginResult.swift in Sources */ = {isa = PBXBuildFile; fileRef = BB782B4A29A0F1F900BC676B /* LoginResult.swift */; };
		BB782B4D29A0F27E00BC676B /* User.swift in Sources */ = {isa = PBXBuildFile; fileRef = BB782B4C29A0F27E00BC676B /* User.swift */; };
		BB782B5029A0F77B00BC676B /* Session.swift in Sources */ = {isa = PBXBuildFile; fileRef = BB782B4F29A0F77B00BC676B /* Session.swift */; };
		BB782B5229A0FE4500BC676B /* LogOutTests.swift in Sources */ = {isa = PBXBuildFile; fileRef = BB782B5129A0FE4500BC676B /* LogOutTests.swift */; };
		BB782B5429A0FF6E00BC676B /* ProfileDataTests.swift in Sources */ = {isa = PBXBuildFile; fileRef = BB782B5329A0FF6E00BC676B /* ProfileDataTests.swift */; };
/* End PBXBuildFile section */

/* Begin PBXContainerItemProxy section */
		BB782A7C2997D29D00BC676B /* PBXContainerItemProxy */ = {
			isa = PBXContainerItemProxy;
			containerPortal = BB782A5D2997D29C00BC676B /* Project object */;
			proxyType = 1;
			remoteGlobalIDString = BB782A642997D29C00BC676B;
			remoteInfo = CleanCodeiOSGB;
		};
		BB782A862997D29D00BC676B /* PBXContainerItemProxy */ = {
			isa = PBXContainerItemProxy;
			containerPortal = BB782A5D2997D29C00BC676B /* Project object */;
			proxyType = 1;
			remoteGlobalIDString = BB782A642997D29C00BC676B;
			remoteInfo = CleanCodeiOSGB;
		};
/* End PBXContainerItemProxy section */

/* Begin PBXFileReference section */
		BB782A652997D29C00BC676B /* CleanCodeiOSGB.app */ = {isa = PBXFileReference; explicitFileType = wrapper.application; includeInIndex = 0; path = CleanCodeiOSGB.app; sourceTree = BUILT_PRODUCTS_DIR; };
		BB782A682997D29C00BC676B /* AppDelegate.swift */ = {isa = PBXFileReference; lastKnownFileType = sourcecode.swift; path = AppDelegate.swift; sourceTree = "<group>"; };
		BB782A6A2997D29C00BC676B /* SceneDelegate.swift */ = {isa = PBXFileReference; lastKnownFileType = sourcecode.swift; path = SceneDelegate.swift; sourceTree = "<group>"; };
		BB782A6C2997D29C00BC676B /* MainViewController.swift */ = {isa = PBXFileReference; lastKnownFileType = sourcecode.swift; path = MainViewController.swift; sourceTree = "<group>"; };
		BB782A6F2997D29C00BC676B /* Base */ = {isa = PBXFileReference; lastKnownFileType = file.storyboard; name = Base; path = Base.lproj/Main.storyboard; sourceTree = "<group>"; };
		BB782A712997D29D00BC676B /* Assets.xcassets */ = {isa = PBXFileReference; lastKnownFileType = folder.assetcatalog; path = Assets.xcassets; sourceTree = "<group>"; };
		BB782A742997D29D00BC676B /* Base */ = {isa = PBXFileReference; lastKnownFileType = file.storyboard; name = Base; path = Base.lproj/LaunchScreen.storyboard; sourceTree = "<group>"; };
		BB782A762997D29D00BC676B /* Info.plist */ = {isa = PBXFileReference; lastKnownFileType = text.plist.xml; path = Info.plist; sourceTree = "<group>"; };
		BB782A7B2997D29D00BC676B /* CleanCodeiOSGBTests.xctest */ = {isa = PBXFileReference; explicitFileType = wrapper.cfbundle; includeInIndex = 0; path = CleanCodeiOSGBTests.xctest; sourceTree = BUILT_PRODUCTS_DIR; };
		BB782A7F2997D29D00BC676B /* CleanCodeiOSGBTests.swift */ = {isa = PBXFileReference; lastKnownFileType = sourcecode.swift; path = CleanCodeiOSGBTests.swift; sourceTree = "<group>"; };
		BB782A852997D29D00BC676B /* CleanCodeiOSGBUITests.xctest */ = {isa = PBXFileReference; explicitFileType = wrapper.cfbundle; includeInIndex = 0; path = CleanCodeiOSGBUITests.xctest; sourceTree = BUILT_PRODUCTS_DIR; };
		BB782A892997D29D00BC676B /* CleanCodeiOSGBUITests.swift */ = {isa = PBXFileReference; lastKnownFileType = sourcecode.swift; path = CleanCodeiOSGBUITests.swift; sourceTree = "<group>"; };
		BB782A8B2997D29D00BC676B /* CleanCodeiOSGBUITestsLaunchTests.swift */ = {isa = PBXFileReference; lastKnownFileType = sourcecode.swift; path = CleanCodeiOSGBUITestsLaunchTests.swift; sourceTree = "<group>"; };
		BB782AA42997F91E00BC676B /* LoginViewController.swift */ = {isa = PBXFileReference; lastKnownFileType = sourcecode.swift; path = LoginViewController.swift; sourceTree = "<group>"; };
		BB782AA72997FAD500BC676B /* RegistrationViewController.swift */ = {isa = PBXFileReference; lastKnownFileType = sourcecode.swift; path = RegistrationViewController.swift; sourceTree = "<group>"; };
		BB782AAA2997FB1700BC676B /* ProfileViewController.swift */ = {isa = PBXFileReference; lastKnownFileType = sourcecode.swift; path = ProfileViewController.swift; sourceTree = "<group>"; };
		BB782AAD2998F84E00BC676B /* Registartion.swift */ = {isa = PBXFileReference; lastKnownFileType = sourcecode.swift; path = Registartion.swift; sourceTree = "<group>"; };
		BB782AB02998F8DE00BC676B /* UserModel.swift */ = {isa = PBXFileReference; lastKnownFileType = sourcecode.swift; path = UserModel.swift; sourceTree = "<group>"; };
		BB782AB32998FABD00BC676B /* LogOut.swift */ = {isa = PBXFileReference; lastKnownFileType = sourcecode.swift; path = LogOut.swift; sourceTree = "<group>"; };
		BB782AB62998FAF900BC676B /* Login.swift */ = {isa = PBXFileReference; lastKnownFileType = sourcecode.swift; path = Login.swift; sourceTree = "<group>"; };
		BB782AB92998FB2000BC676B /* Profile.swift */ = {isa = PBXFileReference; lastKnownFileType = sourcecode.swift; path = Profile.swift; sourceTree = "<group>"; };
		BB782B4729A0F1AD00BC676B /* LoginTests.swift */ = {isa = PBXFileReference; lastKnownFileType = sourcecode.swift; path = LoginTests.swift; sourceTree = "<group>"; };
		BB782B4A29A0F1F900BC676B /* LoginResult.swift */ = {isa = PBXFileReference; lastKnownFileType = sourcecode.swift; path = LoginResult.swift; sourceTree = "<group>"; };
		BB782B4C29A0F27E00BC676B /* User.swift */ = {isa = PBXFileReference; lastKnownFileType = sourcecode.swift; path = User.swift; sourceTree = "<group>"; };
		BB782B4F29A0F77B00BC676B /* Session.swift */ = {isa = PBXFileReference; lastKnownFileType = sourcecode.swift; path = Session.swift; sourceTree = "<group>"; };
		BB782B5129A0FE4500BC676B /* LogOutTests.swift */ = {isa = PBXFileReference; lastKnownFileType = sourcecode.swift; path = LogOutTests.swift; sourceTree = "<group>"; };
		BB782B5329A0FF6E00BC676B /* ProfileDataTests.swift */ = {isa = PBXFileReference; lastKnownFileType = sourcecode.swift; path = ProfileDataTests.swift; sourceTree = "<group>"; };
/* End PBXFileReference section */

/* Begin PBXFrameworksBuildPhase section */
		BB782A622997D29C00BC676B /* Frameworks */ = {
			isa = PBXFrameworksBuildPhase;
			buildActionMask = 2147483647;
			files = (
			);
			runOnlyForDeploymentPostprocessing = 0;
		};
		BB782A782997D29D00BC676B /* Frameworks */ = {
			isa = PBXFrameworksBuildPhase;
			buildActionMask = 2147483647;
			files = (
			);
			runOnlyForDeploymentPostprocessing = 0;
		};
		BB782A822997D29D00BC676B /* Frameworks */ = {
			isa = PBXFrameworksBuildPhase;
			buildActionMask = 2147483647;
			files = (
			);
			runOnlyForDeploymentPostprocessing = 0;
		};
/* End PBXFrameworksBuildPhase section */

/* Begin PBXGroup section */
		BB782A5C2997D29C00BC676B = {
			isa = PBXGroup;
			children = (
				BB782A672997D29C00BC676B /* CleanCodeiOSGB */,
				BB782A7E2997D29D00BC676B /* CleanCodeiOSGBTests */,
				BB782A882997D29D00BC676B /* CleanCodeiOSGBUITests */,
				BB782A662997D29C00BC676B /* Products */,
			);
			sourceTree = "<group>";
		};
		BB782A662997D29C00BC676B /* Products */ = {
			isa = PBXGroup;
			children = (
				BB782A652997D29C00BC676B /* CleanCodeiOSGB.app */,
				BB782A7B2997D29D00BC676B /* CleanCodeiOSGBTests.xctest */,
				BB782A852997D29D00BC676B /* CleanCodeiOSGBUITests.xctest */,
			);
			name = Products;
			sourceTree = "<group>";
		};
		BB782A672997D29C00BC676B /* CleanCodeiOSGB */ = {
			isa = PBXGroup;
			children = (
				BB782A982997D95300BC676B /* Environments */,
				BB782A992997D96700BC676B /* Resources */,
				BB782A9A2997D97900BC676B /* Core */,
				BB782A9F2997D9E900BC676B /* App */,
			);
			path = CleanCodeiOSGB;
			sourceTree = "<group>";
		};
		BB782A7E2997D29D00BC676B /* CleanCodeiOSGBTests */ = {
			isa = PBXGroup;
			children = (
				BB782B4729A0F1AD00BC676B /* LoginTests.swift */,
				BB782B5129A0FE4500BC676B /* LogOutTests.swift */,
				BB782B5329A0FF6E00BC676B /* ProfileDataTests.swift */,
				BB782A7F2997D29D00BC676B /* CleanCodeiOSGBTests.swift */,
			);
			path = CleanCodeiOSGBTests;
			sourceTree = "<group>";
		};
		BB782A882997D29D00BC676B /* CleanCodeiOSGBUITests */ = {
			isa = PBXGroup;
			children = (
				BB782A892997D29D00BC676B /* CleanCodeiOSGBUITests.swift */,
				BB782A8B2997D29D00BC676B /* CleanCodeiOSGBUITestsLaunchTests.swift */,
			);
			path = CleanCodeiOSGBUITests;
			sourceTree = "<group>";
		};
		BB782A982997D95300BC676B /* Environments */ = {
			isa = PBXGroup;
			children = (
				BB782A762997D29D00BC676B /* Info.plist */,
			);
			path = Environments;
			sourceTree = "<group>";
		};
		BB782A992997D96700BC676B /* Resources */ = {
			isa = PBXGroup;
			children = (
				BB782A712997D29D00BC676B /* Assets.xcassets */,
				BB782A732997D29D00BC676B /* LaunchScreen.storyboard */,
			);
			path = Resources;
			sourceTree = "<group>";
		};
		BB782A9A2997D97900BC676B /* Core */ = {
			isa = PBXGroup;
			children = (
				BB782B4E29A0F76C00BC676B /* Session */,
			);
			path = Core;
			sourceTree = "<group>";
		};
		BB782A9B2997D99D00BC676B /* Flows */ = {
			isa = PBXGroup;
			children = (
				BB782AA62997FA9B00BC676B /* RegistrationViewController */,
				BB782AA12997F8EE00BC676B /* LoginViewController */,
				BB782AA92997FAFA00BC676B /* ProfileViewController */,
				BB782AA02997DFAA00BC676B /* MainViewController */,
				BB782A6E2997D29C00BC676B /* Main.storyboard */,
			);
			path = Flows;
			sourceTree = "<group>";
		};
		BB782A9C2997D9BB00BC676B /* Assembly */ = {
			isa = PBXGroup;
			children = (
			);
			path = Assembly;
			sourceTree = "<group>";
		};
		BB782A9D2997D9CE00BC676B /* Entity */ = {
			isa = PBXGroup;
			children = (
				BB782B4929A0F1DE00BC676B /* LoginModel */,
				BB782AAF2998F8CA00BC676B /* UserModel */,
			);
			path = Entity;
			sourceTree = "<group>";
		};
		BB782A9E2997D9DD00BC676B /* BusinessLogic */ = {
			isa = PBXGroup;
			children = (
				BB782AAC2998F83A00BC676B /* Registartion */,
				BB782AB52998FAEB00BC676B /* Login */,
				BB782AB22998FAA900BC676B /* LogOut */,
				BB782AB82998FB1100BC676B /* Profile */,
			);
			path = BusinessLogic;
			sourceTree = "<group>";
		};
		BB782A9F2997D9E900BC676B /* App */ = {
			isa = PBXGroup;
			children = (
				BB782A9B2997D99D00BC676B /* Flows */,
				BB782A9C2997D9BB00BC676B /* Assembly */,
				BB782A9D2997D9CE00BC676B /* Entity */,
				BB782A9E2997D9DD00BC676B /* BusinessLogic */,
				BB782A682997D29C00BC676B /* AppDelegate.swift */,
				BB782A6A2997D29C00BC676B /* SceneDelegate.swift */,
			);
			path = App;
			sourceTree = "<group>";
		};
		BB782AA02997DFAA00BC676B /* MainViewController */ = {
			isa = PBXGroup;
			children = (
				BB782A6C2997D29C00BC676B /* MainViewController.swift */,
			);
			path = MainViewController;
			sourceTree = "<group>";
		};
		BB782AA12997F8EE00BC676B /* LoginViewController */ = {
			isa = PBXGroup;
			children = (
				BB782AA42997F91E00BC676B /* LoginViewController.swift */,
			);
			path = LoginViewController;
			sourceTree = "<group>";
		};
		BB782AA62997FA9B00BC676B /* RegistrationViewController */ = {
			isa = PBXGroup;
			children = (
				BB782AA72997FAD500BC676B /* RegistrationViewController.swift */,
			);
			path = RegistrationViewController;
			sourceTree = "<group>";
		};
		BB782AA92997FAFA00BC676B /* ProfileViewController */ = {
			isa = PBXGroup;
			children = (
				BB782AAA2997FB1700BC676B /* ProfileViewController.swift */,
			);
			path = ProfileViewController;
			sourceTree = "<group>";
		};
		BB782AAC2998F83A00BC676B /* Registartion */ = {
			isa = PBXGroup;
			children = (
				BB782AAD2998F84E00BC676B /* Registartion.swift */,
			);
			path = Registartion;
			sourceTree = "<group>";
		};
		BB782AAF2998F8CA00BC676B /* UserModel */ = {
			isa = PBXGroup;
			children = (
				BB782AB02998F8DE00BC676B /* UserModel.swift */,
			);
			path = UserModel;
			sourceTree = "<group>";
		};
		BB782AB22998FAA900BC676B /* LogOut */ = {
			isa = PBXGroup;
			children = (
				BB782AB32998FABD00BC676B /* LogOut.swift */,
			);
			path = LogOut;
			sourceTree = "<group>";
		};
		BB782AB52998FAEB00BC676B /* Login */ = {
			isa = PBXGroup;
			children = (
				BB782AB62998FAF900BC676B /* Login.swift */,
			);
			path = Login;
			sourceTree = "<group>";
		};
		BB782AB82998FB1100BC676B /* Profile */ = {
			isa = PBXGroup;
			children = (
				BB782AB92998FB2000BC676B /* Profile.swift */,
			);
			path = Profile;
			sourceTree = "<group>";
		};
		BB782B4929A0F1DE00BC676B /* LoginModel */ = {
			isa = PBXGroup;
			children = (
				BB782B4A29A0F1F900BC676B /* LoginResult.swift */,
				BB782B4C29A0F27E00BC676B /* User.swift */,
			);
			path = LoginModel;
			sourceTree = "<group>";
		};
		BB782B4E29A0F76C00BC676B /* Session */ = {
			isa = PBXGroup;
			children = (
				BB782B4F29A0F77B00BC676B /* Session.swift */,
			);
			path = Session;
			sourceTree = "<group>";
		};
/* End PBXGroup section */

/* Begin PBXNativeTarget section */
		BB782A642997D29C00BC676B /* CleanCodeiOSGB */ = {
			isa = PBXNativeTarget;
			buildConfigurationList = BB782A8F2997D29D00BC676B /* Build configuration list for PBXNativeTarget "CleanCodeiOSGB" */;
			buildPhases = (
				BB782A612997D29C00BC676B /* Sources */,
				BB782A622997D29C00BC676B /* Frameworks */,
				BB782A632997D29C00BC676B /* Resources */,
			);
			buildRules = (
			);
			dependencies = (
			);
			name = CleanCodeiOSGB;
			productName = CleanCodeiOSGB;
			productReference = BB782A652997D29C00BC676B /* CleanCodeiOSGB.app */;
			productType = "com.apple.product-type.application";
		};
		BB782A7A2997D29D00BC676B /* CleanCodeiOSGBTests */ = {
			isa = PBXNativeTarget;
			buildConfigurationList = BB782A922997D29D00BC676B /* Build configuration list for PBXNativeTarget "CleanCodeiOSGBTests" */;
			buildPhases = (
				BB782A772997D29D00BC676B /* Sources */,
				BB782A782997D29D00BC676B /* Frameworks */,
				BB782A792997D29D00BC676B /* Resources */,
			);
			buildRules = (
			);
			dependencies = (
				BB782A7D2997D29D00BC676B /* PBXTargetDependency */,
			);
			name = CleanCodeiOSGBTests;
			productName = CleanCodeiOSGBTests;
			productReference = BB782A7B2997D29D00BC676B /* CleanCodeiOSGBTests.xctest */;
			productType = "com.apple.product-type.bundle.unit-test";
		};
		BB782A842997D29D00BC676B /* CleanCodeiOSGBUITests */ = {
			isa = PBXNativeTarget;
			buildConfigurationList = BB782A952997D29D00BC676B /* Build configuration list for PBXNativeTarget "CleanCodeiOSGBUITests" */;
			buildPhases = (
				BB782A812997D29D00BC676B /* Sources */,
				BB782A822997D29D00BC676B /* Frameworks */,
				BB782A832997D29D00BC676B /* Resources */,
			);
			buildRules = (
			);
			dependencies = (
				BB782A872997D29D00BC676B /* PBXTargetDependency */,
			);
			name = CleanCodeiOSGBUITests;
			productName = CleanCodeiOSGBUITests;
			productReference = BB782A852997D29D00BC676B /* CleanCodeiOSGBUITests.xctest */;
			productType = "com.apple.product-type.bundle.ui-testing";
		};
/* End PBXNativeTarget section */

/* Begin PBXProject section */
		BB782A5D2997D29C00BC676B /* Project object */ = {
			isa = PBXProject;
			attributes = {
				BuildIndependentTargetsInParallel = 1;
				LastSwiftUpdateCheck = 1410;
				LastUpgradeCheck = 1410;
				TargetAttributes = {
					BB782A642997D29C00BC676B = {
						CreatedOnToolsVersion = 14.1;
					};
					BB782A7A2997D29D00BC676B = {
						CreatedOnToolsVersion = 14.1;
						TestTargetID = BB782A642997D29C00BC676B;
					};
					BB782A842997D29D00BC676B = {
						CreatedOnToolsVersion = 14.1;
						TestTargetID = BB782A642997D29C00BC676B;
					};
				};
			};
			buildConfigurationList = BB782A602997D29C00BC676B /* Build configuration list for PBXProject "CleanCodeiOSGB" */;
			compatibilityVersion = "Xcode 14.0";
			developmentRegion = en;
			hasScannedForEncodings = 0;
			knownRegions = (
				en,
				Base,
			);
			mainGroup = BB782A5C2997D29C00BC676B;
			productRefGroup = BB782A662997D29C00BC676B /* Products */;
			projectDirPath = "";
			projectRoot = "";
			targets = (
				BB782A642997D29C00BC676B /* CleanCodeiOSGB */,
				BB782A7A2997D29D00BC676B /* CleanCodeiOSGBTests */,
				BB782A842997D29D00BC676B /* CleanCodeiOSGBUITests */,
			);
		};
/* End PBXProject section */

/* Begin PBXResourcesBuildPhase section */
		BB782A632997D29C00BC676B /* Resources */ = {
			isa = PBXResourcesBuildPhase;
			buildActionMask = 2147483647;
			files = (
				BB782A752997D29D00BC676B /* LaunchScreen.storyboard in Resources */,
				BB782A722997D29D00BC676B /* Assets.xcassets in Resources */,
				BB782A702997D29C00BC676B /* Main.storyboard in Resources */,
			);
			runOnlyForDeploymentPostprocessing = 0;
		};
		BB782A792997D29D00BC676B /* Resources */ = {
			isa = PBXResourcesBuildPhase;
			buildActionMask = 2147483647;
			files = (
			);
			runOnlyForDeploymentPostprocessing = 0;
		};
		BB782A832997D29D00BC676B /* Resources */ = {
			isa = PBXResourcesBuildPhase;
			buildActionMask = 2147483647;
			files = (
			);
			runOnlyForDeploymentPostprocessing = 0;
		};
/* End PBXResourcesBuildPhase section */

/* Begin PBXSourcesBuildPhase section */
		BB782A612997D29C00BC676B /* Sources */ = {
			isa = PBXSourcesBuildPhase;
			buildActionMask = 2147483647;
			files = (
				BB782B5029A0F77B00BC676B /* Session.swift in Sources */,
				BB782B4D29A0F27E00BC676B /* User.swift in Sources */,
				BB782AB42998FABD00BC676B /* LogOut.swift in Sources */,
				BB782B4B29A0F1F900BC676B /* LoginResult.swift in Sources */,
				BB782AB72998FAF900BC676B /* Login.swift in Sources */,
				BB782AAB2997FB1700BC676B /* ProfileViewController.swift in Sources */,
				BB782AAE2998F84E00BC676B /* Registartion.swift in Sources */,
				BB782AA52997F91E00BC676B /* LoginViewController.swift in Sources */,
				BB782A6D2997D29C00BC676B /* MainViewController.swift in Sources */,
				BB782A692997D29C00BC676B /* AppDelegate.swift in Sources */,
				BB782A6B2997D29C00BC676B /* SceneDelegate.swift in Sources */,
				BB782ABA2998FB2000BC676B /* Profile.swift in Sources */,
				BB782AB12998F8DE00BC676B /* UserModel.swift in Sources */,
				BB782AA82997FAD500BC676B /* RegistrationViewController.swift in Sources */,
			);
			runOnlyForDeploymentPostprocessing = 0;
		};
		BB782A772997D29D00BC676B /* Sources */ = {
			isa = PBXSourcesBuildPhase;
			buildActionMask = 2147483647;
			files = (
				BB782B5229A0FE4500BC676B /* LogOutTests.swift in Sources */,
				BB782A802997D29D00BC676B /* CleanCodeiOSGBTests.swift in Sources */,
				BB782B4829A0F1AD00BC676B /* LoginTests.swift in Sources */,
				BB782B5429A0FF6E00BC676B /* ProfileDataTests.swift in Sources */,
			);
			runOnlyForDeploymentPostprocessing = 0;
		};
		BB782A812997D29D00BC676B /* Sources */ = {
			isa = PBXSourcesBuildPhase;
			buildActionMask = 2147483647;
			files = (
				BB782A8C2997D29D00BC676B /* CleanCodeiOSGBUITestsLaunchTests.swift in Sources */,
				BB782A8A2997D29D00BC676B /* CleanCodeiOSGBUITests.swift in Sources */,
			);
			runOnlyForDeploymentPostprocessing = 0;
		};
/* End PBXSourcesBuildPhase section */

/* Begin PBXTargetDependency section */
		BB782A7D2997D29D00BC676B /* PBXTargetDependency */ = {
			isa = PBXTargetDependency;
			target = BB782A642997D29C00BC676B /* CleanCodeiOSGB */;
			targetProxy = BB782A7C2997D29D00BC676B /* PBXContainerItemProxy */;
		};
		BB782A872997D29D00BC676B /* PBXTargetDependency */ = {
			isa = PBXTargetDependency;
			target = BB782A642997D29C00BC676B /* CleanCodeiOSGB */;
			targetProxy = BB782A862997D29D00BC676B /* PBXContainerItemProxy */;
		};
/* End PBXTargetDependency section */

/* Begin PBXVariantGroup section */
		BB782A6E2997D29C00BC676B /* Main.storyboard */ = {
			isa = PBXVariantGroup;
			children = (
				BB782A6F2997D29C00BC676B /* Base */,
			);
			name = Main.storyboard;
			sourceTree = "<group>";
		};
		BB782A732997D29D00BC676B /* LaunchScreen.storyboard */ = {
			isa = PBXVariantGroup;
			children = (
				BB782A742997D29D00BC676B /* Base */,
			);
			name = LaunchScreen.storyboard;
			sourceTree = "<group>";
		};
/* End PBXVariantGroup section */

/* Begin XCBuildConfiguration section */
		BB782A8D2997D29D00BC676B /* Debug */ = {
			isa = XCBuildConfiguration;
			buildSettings = {
				ALWAYS_SEARCH_USER_PATHS = NO;
				CLANG_ANALYZER_NONNULL = YES;
				CLANG_ANALYZER_NUMBER_OBJECT_CONVERSION = YES_AGGRESSIVE;
				CLANG_CXX_LANGUAGE_STANDARD = "gnu++20";
				CLANG_ENABLE_MODULES = YES;
				CLANG_ENABLE_OBJC_ARC = YES;
				CLANG_ENABLE_OBJC_WEAK = YES;
				CLANG_WARN_BLOCK_CAPTURE_AUTORELEASING = YES;
				CLANG_WARN_BOOL_CONVERSION = YES;
				CLANG_WARN_COMMA = YES;
				CLANG_WARN_CONSTANT_CONVERSION = YES;
				CLANG_WARN_DEPRECATED_OBJC_IMPLEMENTATIONS = YES;
				CLANG_WARN_DIRECT_OBJC_ISA_USAGE = YES_ERROR;
				CLANG_WARN_DOCUMENTATION_COMMENTS = YES;
				CLANG_WARN_EMPTY_BODY = YES;
				CLANG_WARN_ENUM_CONVERSION = YES;
				CLANG_WARN_INFINITE_RECURSION = YES;
				CLANG_WARN_INT_CONVERSION = YES;
				CLANG_WARN_NON_LITERAL_NULL_CONVERSION = YES;
				CLANG_WARN_OBJC_IMPLICIT_RETAIN_SELF = YES;
				CLANG_WARN_OBJC_LITERAL_CONVERSION = YES;
				CLANG_WARN_OBJC_ROOT_CLASS = YES_ERROR;
				CLANG_WARN_QUOTED_INCLUDE_IN_FRAMEWORK_HEADER = YES;
				CLANG_WARN_RANGE_LOOP_ANALYSIS = YES;
				CLANG_WARN_STRICT_PROTOTYPES = YES;
				CLANG_WARN_SUSPICIOUS_MOVE = YES;
				CLANG_WARN_UNGUARDED_AVAILABILITY = YES_AGGRESSIVE;
				CLANG_WARN_UNREACHABLE_CODE = YES;
				CLANG_WARN__DUPLICATE_METHOD_MATCH = YES;
				COPY_PHASE_STRIP = NO;
				DEBUG_INFORMATION_FORMAT = dwarf;
				ENABLE_STRICT_OBJC_MSGSEND = YES;
				ENABLE_TESTABILITY = YES;
				GCC_C_LANGUAGE_STANDARD = gnu11;
				GCC_DYNAMIC_NO_PIC = NO;
				GCC_NO_COMMON_BLOCKS = YES;
				GCC_OPTIMIZATION_LEVEL = 0;
				GCC_PREPROCESSOR_DEFINITIONS = (
					"DEBUG=1",
					"$(inherited)",
				);
				GCC_WARN_64_TO_32_BIT_CONVERSION = YES;
				GCC_WARN_ABOUT_RETURN_TYPE = YES_ERROR;
				GCC_WARN_UNDECLARED_SELECTOR = YES;
				GCC_WARN_UNINITIALIZED_AUTOS = YES_AGGRESSIVE;
				GCC_WARN_UNUSED_FUNCTION = YES;
				GCC_WARN_UNUSED_VARIABLE = YES;
				IPHONEOS_DEPLOYMENT_TARGET = 16.1;
				MTL_ENABLE_DEBUG_INFO = INCLUDE_SOURCE;
				MTL_FAST_MATH = YES;
				ONLY_ACTIVE_ARCH = YES;
				SDKROOT = iphoneos;
				SWIFT_ACTIVE_COMPILATION_CONDITIONS = DEBUG;
				SWIFT_OPTIMIZATION_LEVEL = "-Onone";
			};
			name = Debug;
		};
		BB782A8E2997D29D00BC676B /* Release */ = {
			isa = XCBuildConfiguration;
			buildSettings = {
				ALWAYS_SEARCH_USER_PATHS = NO;
				CLANG_ANALYZER_NONNULL = YES;
				CLANG_ANALYZER_NUMBER_OBJECT_CONVERSION = YES_AGGRESSIVE;
				CLANG_CXX_LANGUAGE_STANDARD = "gnu++20";
				CLANG_ENABLE_MODULES = YES;
				CLANG_ENABLE_OBJC_ARC = YES;
				CLANG_ENABLE_OBJC_WEAK = YES;
				CLANG_WARN_BLOCK_CAPTURE_AUTORELEASING = YES;
				CLANG_WARN_BOOL_CONVERSION = YES;
				CLANG_WARN_COMMA = YES;
				CLANG_WARN_CONSTANT_CONVERSION = YES;
				CLANG_WARN_DEPRECATED_OBJC_IMPLEMENTATIONS = YES;
				CLANG_WARN_DIRECT_OBJC_ISA_USAGE = YES_ERROR;
				CLANG_WARN_DOCUMENTATION_COMMENTS = YES;
				CLANG_WARN_EMPTY_BODY = YES;
				CLANG_WARN_ENUM_CONVERSION = YES;
				CLANG_WARN_INFINITE_RECURSION = YES;
				CLANG_WARN_INT_CONVERSION = YES;
				CLANG_WARN_NON_LITERAL_NULL_CONVERSION = YES;
				CLANG_WARN_OBJC_IMPLICIT_RETAIN_SELF = YES;
				CLANG_WARN_OBJC_LITERAL_CONVERSION = YES;
				CLANG_WARN_OBJC_ROOT_CLASS = YES_ERROR;
				CLANG_WARN_QUOTED_INCLUDE_IN_FRAMEWORK_HEADER = YES;
				CLANG_WARN_RANGE_LOOP_ANALYSIS = YES;
				CLANG_WARN_STRICT_PROTOTYPES = YES;
				CLANG_WARN_SUSPICIOUS_MOVE = YES;
				CLANG_WARN_UNGUARDED_AVAILABILITY = YES_AGGRESSIVE;
				CLANG_WARN_UNREACHABLE_CODE = YES;
				CLANG_WARN__DUPLICATE_METHOD_MATCH = YES;
				COPY_PHASE_STRIP = NO;
				DEBUG_INFORMATION_FORMAT = "dwarf-with-dsym";
				ENABLE_NS_ASSERTIONS = NO;
				ENABLE_STRICT_OBJC_MSGSEND = YES;
				GCC_C_LANGUAGE_STANDARD = gnu11;
				GCC_NO_COMMON_BLOCKS = YES;
				GCC_WARN_64_TO_32_BIT_CONVERSION = YES;
				GCC_WARN_ABOUT_RETURN_TYPE = YES_ERROR;
				GCC_WARN_UNDECLARED_SELECTOR = YES;
				GCC_WARN_UNINITIALIZED_AUTOS = YES_AGGRESSIVE;
				GCC_WARN_UNUSED_FUNCTION = YES;
				GCC_WARN_UNUSED_VARIABLE = YES;
				IPHONEOS_DEPLOYMENT_TARGET = 16.1;
				MTL_ENABLE_DEBUG_INFO = NO;
				MTL_FAST_MATH = YES;
				SDKROOT = iphoneos;
				SWIFT_COMPILATION_MODE = wholemodule;
				SWIFT_OPTIMIZATION_LEVEL = "-O";
				VALIDATE_PRODUCT = YES;
			};
			name = Release;
		};
		BB782A902997D29D00BC676B /* Debug */ = {
			isa = XCBuildConfiguration;
			buildSettings = {
				ASSETCATALOG_COMPILER_APPICON_NAME = AppIcon;
				ASSETCATALOG_COMPILER_GLOBAL_ACCENT_COLOR_NAME = AccentColor;
				CODE_SIGN_STYLE = Automatic;
				CURRENT_PROJECT_VERSION = 1;
				DEVELOPMENT_TEAM = 3HD2DR99MJ;
				GENERATE_INFOPLIST_FILE = YES;
				INFOPLIST_FILE = CleanCodeiOSGB/Environments/Info.plist;
				INFOPLIST_KEY_UIApplicationSupportsIndirectInputEvents = YES;
				INFOPLIST_KEY_UILaunchStoryboardName = LaunchScreen;
				INFOPLIST_KEY_UIMainStoryboardFile = Main;
				INFOPLIST_KEY_UISupportedInterfaceOrientations_iPad = "UIInterfaceOrientationPortrait UIInterfaceOrientationPortraitUpsideDown UIInterfaceOrientationLandscapeLeft UIInterfaceOrientationLandscapeRight";
				INFOPLIST_KEY_UISupportedInterfaceOrientations_iPhone = "UIInterfaceOrientationPortrait UIInterfaceOrientationLandscapeLeft UIInterfaceOrientationLandscapeRight";
				LD_RUNPATH_SEARCH_PATHS = (
					"$(inherited)",
					"@executable_path/Frameworks",
				);
				MARKETING_VERSION = 1.0;
				PRODUCT_BUNDLE_IDENTIFIER = firstConsole.CleanCodeiOSGB;
				PRODUCT_NAME = "$(TARGET_NAME)";
				SWIFT_EMIT_LOC_STRINGS = YES;
				SWIFT_VERSION = 5.0;
				TARGETED_DEVICE_FAMILY = "1,2";
			};
			name = Debug;
		};
		BB782A912997D29D00BC676B /* Release */ = {
			isa = XCBuildConfiguration;
			buildSettings = {
				ASSETCATALOG_COMPILER_APPICON_NAME = AppIcon;
				ASSETCATALOG_COMPILER_GLOBAL_ACCENT_COLOR_NAME = AccentColor;
				CODE_SIGN_STYLE = Automatic;
				CURRENT_PROJECT_VERSION = 1;
				DEVELOPMENT_TEAM = 3HD2DR99MJ;
				GENERATE_INFOPLIST_FILE = YES;
				INFOPLIST_FILE = CleanCodeiOSGB/Environments/Info.plist;
				INFOPLIST_KEY_UIApplicationSupportsIndirectInputEvents = YES;
				INFOPLIST_KEY_UILaunchStoryboardName = LaunchScreen;
				INFOPLIST_KEY_UIMainStoryboardFile = Main;
				INFOPLIST_KEY_UISupportedInterfaceOrientations_iPad = "UIInterfaceOrientationPortrait UIInterfaceOrientationPortraitUpsideDown UIInterfaceOrientationLandscapeLeft UIInterfaceOrientationLandscapeRight";
				INFOPLIST_KEY_UISupportedInterfaceOrientations_iPhone = "UIInterfaceOrientationPortrait UIInterfaceOrientationLandscapeLeft UIInterfaceOrientationLandscapeRight";
				LD_RUNPATH_SEARCH_PATHS = (
					"$(inherited)",
					"@executable_path/Frameworks",
				);
				MARKETING_VERSION = 1.0;
				PRODUCT_BUNDLE_IDENTIFIER = firstConsole.CleanCodeiOSGB;
				PRODUCT_NAME = "$(TARGET_NAME)";
				SWIFT_EMIT_LOC_STRINGS = YES;
				SWIFT_VERSION = 5.0;
				TARGETED_DEVICE_FAMILY = "1,2";
			};
			name = Release;
		};
		BB782A932997D29D00BC676B /* Debug */ = {
			isa = XCBuildConfiguration;
			buildSettings = {
				ALWAYS_EMBED_SWIFT_STANDARD_LIBRARIES = YES;
				BUNDLE_LOADER = "$(TEST_HOST)";
				CODE_SIGN_STYLE = Automatic;
				CURRENT_PROJECT_VERSION = 1;
				DEVELOPMENT_TEAM = 3HD2DR99MJ;
				GENERATE_INFOPLIST_FILE = YES;
				IPHONEOS_DEPLOYMENT_TARGET = 16.1;
				MARKETING_VERSION = 1.0;
				PRODUCT_BUNDLE_IDENTIFIER = firstConsole.CleanCodeiOSGBTests;
				PRODUCT_NAME = "$(TARGET_NAME)";
				SWIFT_EMIT_LOC_STRINGS = NO;
				SWIFT_VERSION = 5.0;
				TARGETED_DEVICE_FAMILY = "1,2";
				TEST_HOST = "$(BUILT_PRODUCTS_DIR)/CleanCodeiOSGB.app/$(BUNDLE_EXECUTABLE_FOLDER_PATH)/CleanCodeiOSGB";
			};
			name = Debug;
		};
		BB782A942997D29D00BC676B /* Release */ = {
			isa = XCBuildConfiguration;
			buildSettings = {
				ALWAYS_EMBED_SWIFT_STANDARD_LIBRARIES = YES;
				BUNDLE_LOADER = "$(TEST_HOST)";
				CODE_SIGN_STYLE = Automatic;
				CURRENT_PROJECT_VERSION = 1;
				DEVELOPMENT_TEAM = 3HD2DR99MJ;
				GENERATE_INFOPLIST_FILE = YES;
				IPHONEOS_DEPLOYMENT_TARGET = 16.1;
				MARKETING_VERSION = 1.0;
				PRODUCT_BUNDLE_IDENTIFIER = firstConsole.CleanCodeiOSGBTests;
				PRODUCT_NAME = "$(TARGET_NAME)";
				SWIFT_EMIT_LOC_STRINGS = NO;
				SWIFT_VERSION = 5.0;
				TARGETED_DEVICE_FAMILY = "1,2";
				TEST_HOST = "$(BUILT_PRODUCTS_DIR)/CleanCodeiOSGB.app/$(BUNDLE_EXECUTABLE_FOLDER_PATH)/CleanCodeiOSGB";
			};
			name = Release;
		};
		BB782A962997D29D00BC676B /* Debug */ = {
			isa = XCBuildConfiguration;
			buildSettings = {
				ALWAYS_EMBED_SWIFT_STANDARD_LIBRARIES = YES;
				CODE_SIGN_STYLE = Automatic;
				CURRENT_PROJECT_VERSION = 1;
				DEVELOPMENT_TEAM = 3HD2DR99MJ;
				GENERATE_INFOPLIST_FILE = YES;
				MARKETING_VERSION = 1.0;
				PRODUCT_BUNDLE_IDENTIFIER = firstConsole.CleanCodeiOSGBUITests;
				PRODUCT_NAME = "$(TARGET_NAME)";
				SWIFT_EMIT_LOC_STRINGS = NO;
				SWIFT_VERSION = 5.0;
				TARGETED_DEVICE_FAMILY = "1,2";
				TEST_TARGET_NAME = CleanCodeiOSGB;
			};
			name = Debug;
		};
		BB782A972997D29D00BC676B /* Release */ = {
			isa = XCBuildConfiguration;
			buildSettings = {
				ALWAYS_EMBED_SWIFT_STANDARD_LIBRARIES = YES;
				CODE_SIGN_STYLE = Automatic;
				CURRENT_PROJECT_VERSION = 1;
				DEVELOPMENT_TEAM = 3HD2DR99MJ;
				GENERATE_INFOPLIST_FILE = YES;
				MARKETING_VERSION = 1.0;
				PRODUCT_BUNDLE_IDENTIFIER = firstConsole.CleanCodeiOSGBUITests;
				PRODUCT_NAME = "$(TARGET_NAME)";
				SWIFT_EMIT_LOC_STRINGS = NO;
				SWIFT_VERSION = 5.0;
				TARGETED_DEVICE_FAMILY = "1,2";
				TEST_TARGET_NAME = CleanCodeiOSGB;
			};
			name = Release;
		};
/* End XCBuildConfiguration section */

/* Begin XCConfigurationList section */
		BB782A602997D29C00BC676B /* Build configuration list for PBXProject "CleanCodeiOSGB" */ = {
			isa = XCConfigurationList;
			buildConfigurations = (
				BB782A8D2997D29D00BC676B /* Debug */,
				BB782A8E2997D29D00BC676B /* Release */,
			);
			defaultConfigurationIsVisible = 0;
			defaultConfigurationName = Release;
		};
		BB782A8F2997D29D00BC676B /* Build configuration list for PBXNativeTarget "CleanCodeiOSGB" */ = {
			isa = XCConfigurationList;
			buildConfigurations = (
				BB782A902997D29D00BC676B /* Debug */,
				BB782A912997D29D00BC676B /* Release */,
			);
			defaultConfigurationIsVisible = 0;
			defaultConfigurationName = Release;
		};
		BB782A922997D29D00BC676B /* Build configuration list for PBXNativeTarget "CleanCodeiOSGBTests" */ = {
			isa = XCConfigurationList;
			buildConfigurations = (
				BB782A932997D29D00BC676B /* Debug */,
				BB782A942997D29D00BC676B /* Release */,
			);
			defaultConfigurationIsVisible = 0;
			defaultConfigurationName = Release;
		};
		BB782A952997D29D00BC676B /* Build configuration list for PBXNativeTarget "CleanCodeiOSGBUITests" */ = {
			isa = XCConfigurationList;
			buildConfigurations = (
				BB782A962997D29D00BC676B /* Debug */,
				BB782A972997D29D00BC676B /* Release */,
			);
			defaultConfigurationIsVisible = 0;
			defaultConfigurationName = Release;
		};
/* End XCConfigurationList section */
	};
	rootObject = BB782A5D2997D29C00BC676B /* Project object */;
}
